
Microsoft Visual Studio Solution File, Format Version 12.00
# Visual Studio Version 17
VisualStudioVersion = 17.9.34607.119
MinimumVisualStudioVersion = 10.0.40219.1
Project("{FAE04EC0-301F-11D3-BF4B-00C04F79EFBC}") = "Lab9", "Lab9\Lab9.csproj", "{6635CFF2-2F54-4FC4-8B55-880B36427DF4}"
EndProject
Global
	GlobalSection(SolutionConfigurationPlatforms) = preSolution
		Debug|Any CPU = Debug|Any CPU
		Release|Any CPU = Release|Any CPU
	EndGlobalSection
	GlobalSection(ProjectConfigurationPlatforms) = postSolution
		{6635CFF2-2F54-4FC4-8B55-880B36427DF4}.Debug|Any CPU.ActiveCfg = Debug|Any CPU
		{6635CFF2-2F54-4FC4-8B55-880B36427DF4}.Debug|Any CPU.Build.0 = Debug|Any CPU
		{6635CFF2-2F54-4FC4-8B55-880B36427DF4}.Release|Any CPU.ActiveCfg = Release|Any CPU
		{6635CFF2-2F54-4FC4-8B55-880B36427DF4}.Release|Any CPU.Build.0 = Release|Any CPU
	EndGlobalSection
	GlobalSection(SolutionProperties) = preSolution
		HideSolutionNode = FALSE
	EndGlobalSection
	GlobalSection(ExtensibilityGlobals) = postSolution
		SolutionGuid = {82CE97ED-1BAE-4C0E-930C-61C3C58C8768}
	EndGlobalSection
EndGlobal
